   1 SIGINT Very_Likely Very_Unlikely UK_Gov UN Prime_Minister Tony_Blair al-Qaida Taliban Terrorist_Network Osama_bin_Laden ? ? ? ? ? ? ? ? ? US ? ? USS_Cole ? ? ? Osama_bin_Laden Attack US_Navy ? Terrorist_Attack Pursue_Terrorist_Act. Attack_USS_Cole ? ? ? ? ? ? ? ? 2000:1:1:2:2 2000:1:3:4:3 2000:1:1:2:2 Near ? Gazette#2_10/05/01 Dennis_Ellis Wed_Jan_16_20:59:27_2002 Terrorist-Cell
